Microsoft Visual Studio Solution File, Format Version 11.00
# Visual Studio 2008

Project("{AE2BB68A-22CD-E7FD-71C0-5D9E80862788}") = "team-firewood", "Assembly-CSharp.csproj", "{9F08289B-EDB7-FDCC-D761-15E94FDF062E}"
EndProject
Global
	GlobalSection(SolutionConfigurationPlatforms) = preSolution
		Debug|Any CPU = Debug|Any CPU
		Release|Any CPU = Release|Any CPU
	EndGlobalSection
	GlobalSection(ProjectConfigurationPlatforms) = postSolution
		{9F08289B-EDB7-FDCC-D761-15E94FDF062E}.Debug|Any CPU.ActiveCfg = Debug|Any CPU
		{9F08289B-EDB7-FDCC-D761-15E94FDF062E}.Debug|Any CPU.Build.0 = Debug|Any CPU
		{9F08289B-EDB7-FDCC-D761-15E94FDF062E}.Release|Any CPU.ActiveCfg = Release|Any CPU
		{9F08289B-EDB7-FDCC-D761-15E94FDF062E}.Release|Any CPU.Build.0 = Release|Any CPU
	EndGlobalSection
	GlobalSection(SolutionProperties) = preSolution
		HideSolutionNode = FALSE
	EndGlobalSection
	GlobalSection(MonoDevelopProperties) = preSolution
		StartupItem = Assembly-CSharp.csproj
	EndGlobalSection
EndGlobal
